
Microsoft Visual Studio Solution File, Format Version 12.00
# Visual Studio 14
VisualStudioVersion = 14.0.25420.1
MinimumVisualStudioVersion = 10.0.40219.1
Project("{159641D6-6404-4A2A-AE62-294DE0FE8301}") = "Modules", "Modules\Modules.dtproj", "{D3A16696-45FD-4293-A805-E69697838158}"
EndProject
Project("{159641D6-6404-4A2A-AE62-294DE0FE8301}") = "Load Current Active Transportation", "Load Current Active Transportation\Load Current Active Transportation.dtproj", "{68A9DF20-4EC2-4417-A08B-A718638DF7A8}"
EndProject
Project("{159641D6-6404-4A2A-AE62-294DE0FE8301}") = "Test", "Test\Test.dtproj", "{4933C422-B654-4011-BC0A-A0DB0913EA2C}"
EndProject
Global
	GlobalSection(SolutionConfigurationPlatforms) = preSolution
		Development|Default = Development|Default
		Test|Default = Test|Default
	EndGlobalSection
	GlobalSection(ProjectConfigurationPlatforms) = postSolution
		{D3A16696-45FD-4293-A805-E69697838158}.Development|Default.ActiveCfg = Development
		{D3A16696-45FD-4293-A805-E69697838158}.Development|Default.Build.0 = Development
		{D3A16696-45FD-4293-A805-E69697838158}.Test|Default.ActiveCfg = Development
		{D3A16696-45FD-4293-A805-E69697838158}.Test|Default.Build.0 = Development
		{68A9DF20-4EC2-4417-A08B-A718638DF7A8}.Development|Default.ActiveCfg = Development
		{68A9DF20-4EC2-4417-A08B-A718638DF7A8}.Development|Default.Build.0 = Development
		{68A9DF20-4EC2-4417-A08B-A718638DF7A8}.Test|Default.ActiveCfg = Test
		{68A9DF20-4EC2-4417-A08B-A718638DF7A8}.Test|Default.Build.0 = Test
		{4933C422-B654-4011-BC0A-A0DB0913EA2C}.Development|Default.ActiveCfg = Development
		{4933C422-B654-4011-BC0A-A0DB0913EA2C}.Development|Default.Build.0 = Development
		{4933C422-B654-4011-BC0A-A0DB0913EA2C}.Test|Default.ActiveCfg = Development
		{4933C422-B654-4011-BC0A-A0DB0913EA2C}.Test|Default.Build.0 = Development
	EndGlobalSection
	GlobalSection(SolutionProperties) = preSolution
		HideSolutionNode = FALSE
	EndGlobalSection
EndGlobal
